
Microsoft Visual Studio Solution File, Format Version 12.00
# Visual Studio Version 16
VisualStudioVersion = 16.0.31005.135
MinimumVisualStudioVersion = 10.0.40219.1
Project("{9A19103F-16F7-4668-BE54-9A1E7A4F7556}") = "WDLT.PoESpy", "WDLT.PoESpy\WDLT.PoESpy.csproj", "{3A3764D9-585D-4024-8B9D-13585C99022C}"
EndProject
Project("{2150E333-8FDC-42A3-9474-1A3956D46DE8}") = "submodules", "submodules", "{9CA69CC6-EF8F-405C-98D4-4EDF9AB152D7}"
EndProject
Project("{9A19103F-16F7-4668-BE54-9A1E7A4F7556}") = "WDLT.Utils", "WDLT.Utils\WDLT.Utils\WDLT.Utils.csproj", "{49128C4D-DFC6-477E-8BD8-F0B5C13E7D27}"
EndProject
Project("{9A19103F-16F7-4668-BE54-9A1E7A4F7556}") = "WDLT.Clients.POE", "..\WDLT.Clients.POE\WDLT.Clients.POE\WDLT.Clients.POE.csproj", "{E934CE29-A924-4822-9A38-B09FAEB263A7}"
EndProject
Project("{9A19103F-16F7-4668-BE54-9A1E7A4F7556}") = "WDLT.Clients.Base", "WDLT.Clients.POE\WDLT.Clients.Base\WDLT.Clients.Base\WDLT.Clients.Base.csproj", "{6763D469-9244-48AB-9738-BB01F246A159}"
EndProject
Global
	GlobalSection(SolutionConfigurationPlatforms) = preSolution
		Debug|Any CPU = Debug|Any CPU
		Release|Any CPU = Release|Any CPU
	EndGlobalSection
	GlobalSection(ProjectConfigurationPlatforms) = postSolution
		{3A3764D9-585D-4024-8B9D-13585C99022C}.Debug|Any CPU.ActiveCfg = Debug|Any CPU
		{3A3764D9-585D-4024-8B9D-13585C99022C}.Debug|Any CPU.Build.0 = Debug|Any CPU
		{3A3764D9-585D-4024-8B9D-13585C99022C}.Release|Any CPU.ActiveCfg = Release|Any CPU
		{3A3764D9-585D-4024-8B9D-13585C99022C}.Release|Any CPU.Build.0 = Release|Any CPU
		{49128C4D-DFC6-477E-8BD8-F0B5C13E7D27}.Debug|Any CPU.ActiveCfg = Debug|Any CPU
		{49128C4D-DFC6-477E-8BD8-F0B5C13E7D27}.Debug|Any CPU.Build.0 = Debug|Any CPU
		{49128C4D-DFC6-477E-8BD8-F0B5C13E7D27}.Release|Any CPU.ActiveCfg = Release|Any CPU
		{49128C4D-DFC6-477E-8BD8-F0B5C13E7D27}.Release|Any CPU.Build.0 = Release|Any CPU
		{E934CE29-A924-4822-9A38-B09FAEB263A7}.Debug|Any CPU.ActiveCfg = Debug|Any CPU
		{E934CE29-A924-4822-9A38-B09FAEB263A7}.Debug|Any CPU.Build.0 = Debug|Any CPU
		{E934CE29-A924-4822-9A38-B09FAEB263A7}.Release|Any CPU.ActiveCfg = Release|Any CPU
		{E934CE29-A924-4822-9A38-B09FAEB263A7}.Release|Any CPU.Build.0 = Release|Any CPU
		{6763D469-9244-48AB-9738-BB01F246A159}.Debug|Any CPU.ActiveCfg = Debug|Any CPU
		{6763D469-9244-48AB-9738-BB01F246A159}.Debug|Any CPU.Build.0 = Debug|Any CPU
		{6763D469-9244-48AB-9738-BB01F246A159}.Release|Any CPU.ActiveCfg = Release|Any CPU
		{6763D469-9244-48AB-9738-BB01F246A159}.Release|Any CPU.Build.0 = Release|Any CPU
	EndGlobalSection
	GlobalSection(SolutionProperties) = preSolution
		HideSolutionNode = FALSE
	EndGlobalSection
	GlobalSection(NestedProjects) = preSolution
		{49128C4D-DFC6-477E-8BD8-F0B5C13E7D27} = {9CA69CC6-EF8F-405C-98D4-4EDF9AB152D7}
		{E934CE29-A924-4822-9A38-B09FAEB263A7} = {9CA69CC6-EF8F-405C-98D4-4EDF9AB152D7}
		{6763D469-9244-48AB-9738-BB01F246A159} = {9CA69CC6-EF8F-405C-98D4-4EDF9AB152D7}
	EndGlobalSection
	GlobalSection(ExtensibilityGlobals) = postSolution
		SolutionGuid = {DC0D3BA4-6FA9-428F-83CD-84BEDABBAD10}
	EndGlobalSection
EndGlobal
